
Microsoft Visual Studio Solution File, Format Version 12.00
# Visual Studio Version 17
VisualStudioVersion = 17.13.35806.99 d17.13
MinimumVisualStudioVersion = 10.0.40219.1
Project("{FAE04EC0-301F-11D3-BF4B-00C04F79EFBC}") = "Sistema Biblioteca Univale - DR. GERALDO VIANNA CRUZ", "Sistema Biblioteca Univale - DR. GERALDO VIANNA CRUZ\Sistema Biblioteca Univale - DR. GERALDO VIANNA CRUZ.csproj", "{715EAEBA-CBAB-4D16-A532-C3464883ABCA}"
EndProject
Global
	GlobalSection(SolutionConfigurationPlatforms) = preSolution
		Debug|Any CPU = Debug|Any CPU
		Release|Any CPU = Release|Any CPU
	EndGlobalSection
	GlobalSection(ProjectConfigurationPlatforms) = postSolution
		{715EAEBA-CBAB-4D16-A532-C3464883ABCA}.Debug|Any CPU.ActiveCfg = Debug|Any CPU
		{715EAEBA-CBAB-4D16-A532-C3464883ABCA}.Debug|Any CPU.Build.0 = Debug|Any CPU
		{715EAEBA-CBAB-4D16-A532-C3464883ABCA}.Release|Any CPU.ActiveCfg = Release|Any CPU
		{715EAEBA-CBAB-4D16-A532-C3464883ABCA}.Release|Any CPU.Build.0 = Release|Any CPU
	EndGlobalSection
	GlobalSection(SolutionProperties) = preSolution
		HideSolutionNode = FALSE
	EndGlobalSection
	GlobalSection(ExtensibilityGlobals) = postSolution
		SolutionGuid = {0A3FB33D-5A61-4B08-A8B3-863E27735AA6}
	EndGlobalSection
EndGlobal
